
Microsoft Visual Studio Solution File, Format Version 12.00
# Visual Studio 2013
VisualStudioVersion = 12.0.31101.0
MinimumVisualStudioVersion = 10.0.40219.1
Project("{FAE04EC0-301F-11D3-BF4B-00C04F79EFBC}") = "WPTweaker", "WPTweaker\WPTweaker.csproj", "{B2634903-3F46-481A-B907-553FF3BDB801}"
EndProject
Global
	GlobalSection(SolutionConfigurationPlatforms) = preSolution
		Debug|Any CPU = Debug|Any CPU
		Debug|ARM = Debug|ARM
		Release|Any CPU = Release|Any CPU
		Release|ARM = Release|ARM
	EndGlobalSection
	GlobalSection(ProjectConfigurationPlatforms) = postSolution
		{B2634903-3F46-481A-B907-553FF3BDB801}.Debug|Any CPU.ActiveCfg = Debug|Any CPU
		{B2634903-3F46-481A-B907-553FF3BDB801}.Debug|Any CPU.Build.0 = Debug|Any CPU
		{B2634903-3F46-481A-B907-553FF3BDB801}.Debug|Any CPU.Deploy.0 = Debug|Any CPU
		{B2634903-3F46-481A-B907-553FF3BDB801}.Debug|ARM.ActiveCfg = Debug|ARM
		{B2634903-3F46-481A-B907-553FF3BDB801}.Debug|ARM.Build.0 = Debug|ARM
		{B2634903-3F46-481A-B907-553FF3BDB801}.Debug|ARM.Deploy.0 = Debug|ARM
		{B2634903-3F46-481A-B907-553FF3BDB801}.Release|Any CPU.ActiveCfg = Release|Any CPU
		{B2634903-3F46-481A-B907-553FF3BDB801}.Release|Any CPU.Build.0 = Release|Any CPU
		{B2634903-3F46-481A-B907-553FF3BDB801}.Release|Any CPU.Deploy.0 = Release|Any CPU
		{B2634903-3F46-481A-B907-553FF3BDB801}.Release|ARM.ActiveCfg = Release|ARM
		{B2634903-3F46-481A-B907-553FF3BDB801}.Release|ARM.Build.0 = Release|ARM
		{B2634903-3F46-481A-B907-553FF3BDB801}.Release|ARM.Deploy.0 = Release|ARM
	EndGlobalSection
	GlobalSection(SolutionProperties) = preSolution
		HideSolutionNode = FALSE
	EndGlobalSection
EndGlobal
